{
  "name": "uniapp-photo-time-fixer",
  "version": "1.0.0",
  "lockfileVersion": 3,
  "requires": true,
  "packages": {
    "": {
      "name": "uniapp-photo-time-fixer",
      "version": "1.0.0",
      "license": "ISC",
      "dependencies": {
        "@dcloudio/uni-app": "^2.0.2-4080720251210002",
        "@dcloudio/uni-ui": "^1.5.11",
        "piexifjs": "^1.0.6"
      }
    },
    "node_modules/@dcloudio/types": {
      "version": "3.4.28",
      "resolved": "https://npmmirror.qingsongchou.net:443/@dcloudio%2ftypes/-/types-3.4.28.tgz",
      "integrity": "sha512-uVIRp1VLBkrL0LaGLgIS/sT3bl1zzVTKZQbfqJEQcSAvBffRdirbSh5OvOHfA1WV5lmCAGfjhKsUQouNEVUQHg==",
      "license": "Apache-2.0",
      "peer": true
    },
    "node_modules/@dcloudio/uni-app": {
      "version": "2.0.2-4080720251210002",
      "resolved": "https://npmmirror.qingsongchou.net:443/@dcloudio%2funi-app/-/uni-app-2.0.2-4080720251210002.tgz",
      "integrity": "sha512-FUw/bJJwBPl/scKBog21wusICrU9T4TFwyKKVbtNbWIO98IBzjRIin0mmwzhqHNL1kZO0LbwnoRe7LtusW8LQw==",
      "license": "Apache-2.0",
      "peerDependencies": {
        "@dcloudio/types": "^3.0.15",
        "@vue/composition-api": "^1.7.0"
      }
    },
    "node_modules/@dcloudio/uni-ui": {
      "version": "1.5.11",
      "resolved": "https://npmmirror.qingsongchou.net:443/@dcloudio%2funi-ui/-/uni-ui-1.5.11.tgz",
      "integrity": "sha512-DBtk046ofmeFd82zRI7d89SoEwrAxYzUN3WVPm1DIBkpLPG5F5QDNkHMnZGu2wNrMEmGBjBpUh3vqEY1L3jaMw==",
      "license": "Apache-2.0"
    },
    "node_modules/@vue/composition-api": {
      "version": "1.7.2",
      "resolved": "https://npmmirror.qingsongchou.net:443/@vue%2fcomposition-api/-/composition-api-1.7.2.tgz",
      "integrity": "sha512-M8jm9J/laYrYT02665HkZ5l2fWTK4dcVg3BsDHm/pfz+MjDYwX+9FUaZyGwEyXEDonQYRCo0H7aLgdklcIELjw==",
      "license": "MIT",
      "peer": true,
      "peerDependencies": {
        "vue": ">= 2.5 < 2.7"
      }
    },
    "node_modules/piexifjs": {
      "version": "1.0.6",
      "resolved": "https://npmmirror.qingsongchou.net:443/piexifjs/-/piexifjs-1.0.6.tgz",
      "integrity": "sha512-0wVyH0cKohzBQ5Gi2V1BuxYpxWfxF3cSqfFXfPIpl5tl9XLS5z4ogqhUCD20AbHi0h9aJkqXNJnkVev6gwh2ag==",
      "license": "MIT"
    },
    "node_modules/vue": {
      "version": "2.6.14",
      "resolved": "https://npmmirror.qingsongchou.net:443/vue/-/vue-2.6.14.tgz",
      "integrity": "sha512-x2284lgYvjOMj3Za7kqzRcUSxBboHqtgRE2zlos1qWaOye5yUmHn42LB1250NJBLRwEcdrB0JRwyPTEPhfQjiQ==",
      "license": "MIT",
      "peer": true
    }
  }
}
